
Microsoft Visual Studio Solution File, Format Version 12.00
# Visual Studio Version 16
VisualStudioVersion = 16.0.31911.196
MinimumVisualStudioVersion = 10.0.40219.1
Project("{9A19103F-16F7-4668-BE54-9A1E7A4F7556}") = "Tasks", "Tasks.csproj", "{1736BC0B-32A0-456C-9B8E-FE8ABF6483EC}"
EndProject
Project("{FAE04EC0-301F-11D3-BF4B-00C04F79EFBC}") = "EncodingAlgorithmLib", "..\EncodingAlgorithmLib\EncodingAlgorithmLib.csproj", "{B3909630-D7D5-4895-8BDA-F7369666E21C}"
EndProject
Project("{FAE04EC0-301F-11D3-BF4B-00C04F79EFBC}") = "GraphsTask2", "..\GraphsTask2\GraphsTask2.csproj", "{CEAC82F7-9813-44FA-BED4-45E890C40CC9}"
EndProject
Project("{FAE04EC0-301F-11D3-BF4B-00C04F79EFBC}") = "GraphsTask3", "..\GraphsTask3\GraphsTask3.csproj", "{F4DD3F83-71E5-4B45-833C-1210E60E8426}"
EndProject
Project("{FAE04EC0-301F-11D3-BF4B-00C04F79EFBC}") = "GraphLibrary", "..\GraphLibrary\GraphLibrary.csproj", "{A88B4E1F-0043-45B9-B008-D7A397CED1BE}"
EndProject
Project("{FAE04EC0-301F-11D3-BF4B-00C04F79EFBC}") = "UnitTests", "..\UnitTests\UnitTests.csproj", "{4081BA87-3FA7-40C2-A795-FAAF1DA966DF}"
EndProject
Global
	GlobalSection(SolutionConfigurationPlatforms) = preSolution
		Debug|Any CPU = Debug|Any CPU
		Release|Any CPU = Release|Any CPU
	EndGlobalSection
	GlobalSection(ProjectConfigurationPlatforms) = postSolution
		{1736BC0B-32A0-456C-9B8E-FE8ABF6483EC}.Debug|Any CPU.ActiveCfg = Debug|Any CPU
		{1736BC0B-32A0-456C-9B8E-FE8ABF6483EC}.Debug|Any CPU.Build.0 = Debug|Any CPU
		{1736BC0B-32A0-456C-9B8E-FE8ABF6483EC}.Release|Any CPU.ActiveCfg = Release|Any CPU
		{1736BC0B-32A0-456C-9B8E-FE8ABF6483EC}.Release|Any CPU.Build.0 = Release|Any CPU
		{B3909630-D7D5-4895-8BDA-F7369666E21C}.Debug|Any CPU.ActiveCfg = Debug|Any CPU
		{B3909630-D7D5-4895-8BDA-F7369666E21C}.Debug|Any CPU.Build.0 = Debug|Any CPU
		{B3909630-D7D5-4895-8BDA-F7369666E21C}.Release|Any CPU.ActiveCfg = Release|Any CPU
		{B3909630-D7D5-4895-8BDA-F7369666E21C}.Release|Any CPU.Build.0 = Release|Any CPU
		{CEAC82F7-9813-44FA-BED4-45E890C40CC9}.Debug|Any CPU.ActiveCfg = Debug|Any CPU
		{CEAC82F7-9813-44FA-BED4-45E890C40CC9}.Debug|Any CPU.Build.0 = Debug|Any CPU
		{CEAC82F7-9813-44FA-BED4-45E890C40CC9}.Release|Any CPU.ActiveCfg = Release|Any CPU
		{CEAC82F7-9813-44FA-BED4-45E890C40CC9}.Release|Any CPU.Build.0 = Release|Any CPU
		{F4DD3F83-71E5-4B45-833C-1210E60E8426}.Debug|Any CPU.ActiveCfg = Debug|Any CPU
		{F4DD3F83-71E5-4B45-833C-1210E60E8426}.Debug|Any CPU.Build.0 = Debug|Any CPU
		{F4DD3F83-71E5-4B45-833C-1210E60E8426}.Release|Any CPU.ActiveCfg = Release|Any CPU
		{F4DD3F83-71E5-4B45-833C-1210E60E8426}.Release|Any CPU.Build.0 = Release|Any CPU
		{A88B4E1F-0043-45B9-B008-D7A397CED1BE}.Debug|Any CPU.ActiveCfg = Debug|Any CPU
		{A88B4E1F-0043-45B9-B008-D7A397CED1BE}.Debug|Any CPU.Build.0 = Debug|Any CPU
		{A88B4E1F-0043-45B9-B008-D7A397CED1BE}.Release|Any CPU.ActiveCfg = Release|Any CPU
		{A88B4E1F-0043-45B9-B008-D7A397CED1BE}.Release|Any CPU.Build.0 = Release|Any CPU
		{4081BA87-3FA7-40C2-A795-FAAF1DA966DF}.Debug|Any CPU.ActiveCfg = Debug|Any CPU
		{4081BA87-3FA7-40C2-A795-FAAF1DA966DF}.Debug|Any CPU.Build.0 = Debug|Any CPU
		{4081BA87-3FA7-40C2-A795-FAAF1DA966DF}.Release|Any CPU.ActiveCfg = Release|Any CPU
		{4081BA87-3FA7-40C2-A795-FAAF1DA966DF}.Release|Any CPU.Build.0 = Release|Any CPU
	EndGlobalSection
	GlobalSection(SolutionProperties) = preSolution
		HideSolutionNode = FALSE
	EndGlobalSection
	GlobalSection(ExtensibilityGlobals) = postSolution
		SolutionGuid = {70F03F7F-DB87-4AEF-8577-5B59E5E12779}
	EndGlobalSection
EndGlobal
